
Microsoft Visual Studio Solution File, Format Version 12.00
# Visual Studio 15
VisualStudioVersion = 15.0.27130.2020
MinimumVisualStudioVersion = 10.0.40219.1
Project("{FAE04EC0-301F-11D3-BF4B-00C04F79EFBC}") = "Attendance.WebApp", "Attendance\Attendance.WebApp.csproj", "{1534724A-F897-4189-A814-BE390A01071A}"
EndProject
Project("{FAE04EC0-301F-11D3-BF4B-00C04F79EFBC}") = "Attendance.Domain", "Attendance.Domain\Attendance.Domain.csproj", "{6260FDB7-792C-4FA5-8ACF-C3F9504B4016}"
EndProject
Project("{FAE04EC0-301F-11D3-BF4B-00C04F79EFBC}") = "Attendance.DataAccess", "Attendance.DataAccess\Attendance.DataAccess.csproj", "{72E6F3F4-2D81-4F7C-9BE9-1E9404D75145}"
EndProject
Global
	GlobalSection(SolutionConfigurationPlatforms) = preSolution
		Debug|Any CPU = Debug|Any CPU
		Release|Any CPU = Release|Any CPU
	EndGlobalSection
	GlobalSection(ProjectConfigurationPlatforms) = postSolution
		{1534724A-F897-4189-A814-BE390A01071A}.Debug|Any CPU.ActiveCfg = Debug|Any CPU
		{1534724A-F897-4189-A814-BE390A01071A}.Debug|Any CPU.Build.0 = Debug|Any CPU
		{1534724A-F897-4189-A814-BE390A01071A}.Release|Any CPU.ActiveCfg = Release|Any CPU
		{1534724A-F897-4189-A814-BE390A01071A}.Release|Any CPU.Build.0 = Release|Any CPU
		{6260FDB7-792C-4FA5-8ACF-C3F9504B4016}.Debug|Any CPU.ActiveCfg = Debug|Any CPU
		{6260FDB7-792C-4FA5-8ACF-C3F9504B4016}.Debug|Any CPU.Build.0 = Debug|Any CPU
		{6260FDB7-792C-4FA5-8ACF-C3F9504B4016}.Release|Any CPU.ActiveCfg = Release|Any CPU
		{6260FDB7-792C-4FA5-8ACF-C3F9504B4016}.Release|Any CPU.Build.0 = Release|Any CPU
		{72E6F3F4-2D81-4F7C-9BE9-1E9404D75145}.Debug|Any CPU.ActiveCfg = Debug|Any CPU
		{72E6F3F4-2D81-4F7C-9BE9-1E9404D75145}.Debug|Any CPU.Build.0 = Debug|Any CPU
		{72E6F3F4-2D81-4F7C-9BE9-1E9404D75145}.Release|Any CPU.ActiveCfg = Release|Any CPU
		{72E6F3F4-2D81-4F7C-9BE9-1E9404D75145}.Release|Any CPU.Build.0 = Release|Any CPU
	EndGlobalSection
	GlobalSection(SolutionProperties) = preSolution
		HideSolutionNode = FALSE
	EndGlobalSection
	GlobalSection(ExtensibilityGlobals) = postSolution
		SolutionGuid = {B6E6B630-87A6-46B3-AD85-FF667B1C3AE2}
	EndGlobalSection
EndGlobal
